
Microsoft Visual Studio Solution File, Format Version 12.00
# Visual Studio Version 17
VisualStudioVersion = 17.6.33829.357
MinimumVisualStudioVersion = 10.0.40219.1
Project("{9A19103F-16F7-4668-BE54-9A1E7A4F7556}") = "Music4LifeKaraokeSongBook.Server", "Music4LifeKaraokeSongBook\Server\Music4LifeKaraokeSongBook.Server.csproj", "{5E6594EA-3715-42AF-8046-04804D98E291}"
EndProject
Project("{9A19103F-16F7-4668-BE54-9A1E7A4F7556}") = "Music4LifeKaraokeSongBook.Client", "Music4LifeKaraokeSongBook\Client\Music4LifeKaraokeSongBook.Client.csproj", "{38CBAE39-82FF-44BA-BC00-6B24C1090B08}"
EndProject
Project("{9A19103F-16F7-4668-BE54-9A1E7A4F7556}") = "Music4LifeKaraokeSongBook.Shared", "Music4LifeKaraokeSongBook\Shared\Music4LifeKaraokeSongBook.Shared.csproj", "{E87A1529-E7ED-4AAF-A13D-7B9402437032}"
EndProject
Global
	GlobalSection(SolutionConfigurationPlatforms) = preSolution
		Debug|Any CPU = Debug|Any CPU
		Release|Any CPU = Release|Any CPU
	EndGlobalSection
	GlobalSection(ProjectConfigurationPlatforms) = postSolution
		{5E6594EA-3715-42AF-8046-04804D98E291}.Debug|Any CPU.ActiveCfg = Debug|Any CPU
		{5E6594EA-3715-42AF-8046-04804D98E291}.Debug|Any CPU.Build.0 = Debug|Any CPU
		{5E6594EA-3715-42AF-8046-04804D98E291}.Release|Any CPU.ActiveCfg = Release|Any CPU
		{5E6594EA-3715-42AF-8046-04804D98E291}.Release|Any CPU.Build.0 = Release|Any CPU
		{38CBAE39-82FF-44BA-BC00-6B24C1090B08}.Debug|Any CPU.ActiveCfg = Debug|Any CPU
		{38CBAE39-82FF-44BA-BC00-6B24C1090B08}.Debug|Any CPU.Build.0 = Debug|Any CPU
		{38CBAE39-82FF-44BA-BC00-6B24C1090B08}.Release|Any CPU.ActiveCfg = Release|Any CPU
		{38CBAE39-82FF-44BA-BC00-6B24C1090B08}.Release|Any CPU.Build.0 = Release|Any CPU
		{E87A1529-E7ED-4AAF-A13D-7B9402437032}.Debug|Any CPU.ActiveCfg = Debug|Any CPU
		{E87A1529-E7ED-4AAF-A13D-7B9402437032}.Debug|Any CPU.Build.0 = Debug|Any CPU
		{E87A1529-E7ED-4AAF-A13D-7B9402437032}.Release|Any CPU.ActiveCfg = Release|Any CPU
		{E87A1529-E7ED-4AAF-A13D-7B9402437032}.Release|Any CPU.Build.0 = Release|Any CPU
	EndGlobalSection
	GlobalSection(SolutionProperties) = preSolution
		HideSolutionNode = FALSE
	EndGlobalSection
	GlobalSection(ExtensibilityGlobals) = postSolution
		SolutionGuid = {151380F8-603A-4119-8795-46883440E86A}
	EndGlobalSection
EndGlobal
